// !$*UTF8*$!
{
	archiveVersion = 1;
	classes = {
	};
	objectVersion = 77;
	objects = {

/* Begin PBXContainerItemProxy section */
		16249B7B2CE64E8B0088C932 /* PBXContainerItemProxy */ = {
			isa = PBXContainerItemProxy;
			containerPortal = 16249B622CE64E890088C932 /* Project object */;
			proxyType = 1;
			remoteGlobalIDString = 16249B692CE64E890088C932;
			remoteInfo = "Tic Tac Toe";
		};
		16249B852CE64E8B0088C932 /* PBXContainerItemProxy */ = {
			isa = PBXContainerItemProxy;
			containerPortal = 16249B622CE64E890088C932 /* Project object */;
			proxyType = 1;
			remoteGlobalIDString = 16249B692CE64E890088C932;
			remoteInfo = "Tic Tac Toe";
		};
/* End PBXContainerItemProxy section */

/* Begin PBXFileReference section */
		16249B6A2CE64E890088C932 /* Tic Tac Toe.app */ = {isa = PBXFileReference; explicitFileType = wrapper.application; includeInIndex = 0; path = "Tic Tac Toe.app"; sourceTree = BUILT_PRODUCTS_DIR; };
		16249B7A2CE64E8B0088C932 /* Tic Tac ToeTests.xctest */ = {isa = PBXFileReference; explicitFileType = wrapper.cfbundle; includeInIndex = 0; path = "Tic Tac ToeTests.xctest"; sourceTree = BUILT_PRODUCTS_DIR; };
		16249B842CE64E8B0088C932 /* Tic Tac ToeUITests.xctest */ = {isa = PBXFileReference; explicitFileType = wrapper.cfbundle; includeInIndex = 0; path = "Tic Tac ToeUITests.xctest"; sourceTree = BUILT_PRODUCTS_DIR; };
/* End PBXFileReference section */

/* Begin PBXFileSystemSynchronizedRootGroup section */
		16249B6C2CE64E890088C932 /* Tic Tac Toe */ = {
			isa = PBXFileSystemSynchronizedRootGroup;
			path = "Tic Tac Toe";
			sourceTree = "<group>";
		};
		16249B7D2CE64E8B0088C932 /* Tic Tac ToeTests */ = {
			isa = PBXFileSystemSynchronizedRootGroup;
			path = "Tic Tac ToeTests";
			sourceTree = "<group>";
		};
		16249B872CE64E8B0088C932 /* Tic Tac ToeUITests */ = {
			isa = PBXFileSystemSynchronizedRootGroup;
			path = "Tic Tac ToeUITests";
			sourceTree = "<group>";
		};
/* End PBXFileSystemSynchronizedRootGroup section */

/* Begin PBXFrameworksBuildPhase section */
		16249B672CE64E890088C932 /* Frameworks */ = {
			isa = PBXFrameworksBuildPhase;
			buildActionMask = 2147483647;
			files = (
			);
			runOnlyForDeploymentPostprocessing = 0;
		};
		16249B772CE64E8B0088C932 /* Frameworks */ = {
			isa = PBXFrameworksBuildPhase;
			buildActionMask = 2147483647;
			files = (
			);
			runOnlyForDeploymentPostprocessing = 0;
		};
		16249B812CE64E8B0088C932 /* Frameworks */ = {
			isa = PBXFrameworksBuildPhase;
			buildActionMask = 2147483647;
			files = (
			);
			runOnlyForDeploymentPostprocessing = 0;
		};
/* End PBXFrameworksBuildPhase section */

/* Begin PBXGroup section */
		16249B612CE64E890088C932 = {
			isa = PBXGroup;
			children = (
				16249B6C2CE64E890088C932 /* Tic Tac Toe */,
				16249B7D2CE64E8B0088C932 /* Tic Tac ToeTests */,
				16249B872CE64E8B0088C932 /* Tic Tac ToeUITests */,
				16249B6B2CE64E890088C932 /* Products */,
			);
			sourceTree = "<group>";
		};
		16249B6B2CE64E890088C932 /* Products */ = {
			isa = PBXGroup;
			children = (
				16249B6A2CE64E890088C932 /* Tic Tac Toe.app */,
				16249B7A2CE64E8B0088C932 /* Tic Tac ToeTests.xctest */,
				16249B842CE64E8B0088C932 /* Tic Tac ToeUITests.xctest */,
			);
			name = Products;
			sourceTree = "<group>";
		};
/* End PBXGroup section */

/* Begin PBXNativeTarget section */
		16249B692CE64E890088C932 /* Tic Tac Toe */ = {
			isa = PBXNativeTarget;
			buildConfigurationList = 16249B8E2CE64E8B0088C932 /* Build configuration list for PBXNativeTarget "Tic Tac Toe" */;
			buildPhases = (
				16249B662CE64E890088C932 /* Sources */,
				16249B672CE64E890088C932 /* Frameworks */,
				16249B682CE64E890088C932 /* Resources */,
			);
			buildRules = (
			);
			dependencies = (
			);
			fileSystemSynchronizedGroups = (
				16249B6C2CE64E890088C932 /* Tic Tac Toe */,
			);
			name = "Tic Tac Toe";
			packageProductDependencies = (
			);
			productName = "Tic Tac Toe";
			productReference = 16249B6A2CE64E890088C932 /* Tic Tac Toe.app */;
			productType = "com.apple.product-type.application";
		};
		16249B792CE64E8B0088C932 /* Tic Tac ToeTests */ = {
			isa = PBXNativeTarget;
			buildConfigurationList = 16249B912CE64E8B0088C932 /* Build configuration list for PBXNativeTarget "Tic Tac ToeTests" */;
			buildPhases = (
				16249B762CE64E8B0088C932 /* Sources */,
				16249B772CE64E8B0088C932 /* Frameworks */,
				16249B782CE64E8B0088C932 /* Resources */,
			);
			buildRules = (
			);
			dependencies = (
				16249B7C2CE64E8B0088C932 /* PBXTargetDependency */,
			);
			fileSystemSynchronizedGroups = (
				16249B7D2CE64E8B0088C932 /* Tic Tac ToeTests */,
			);
			name = "Tic Tac ToeTests";
			packageProductDependencies = (
			);
			productName = "Tic Tac ToeTests";
			productReference = 16249B7A2CE64E8B0088C932 /* Tic Tac ToeTests.xctest */;
			productType = "com.apple.product-type.bundle.unit-test";
		};
		16249B832CE64E8B0088C932 /* Tic Tac ToeUITests */ = {
			isa = PBXNativeTarget;
			buildConfigurationList = 16249B942CE64E8B0088C932 /* Build configuration list for PBXNativeTarget "Tic Tac ToeUITests" */;
			buildPhases = (
				16249B802CE64E8B0088C932 /* Sources */,
				16249B812CE64E8B0088C932 /* Frameworks */,
				16249B822CE64E8B0088C932 /* Resources */,
			);
			buildRules = (
			);
			dependencies = (
				16249B862CE64E8B0088C932 /* PBXTargetDependency */,
			);
			fileSystemSynchronizedGroups = (
				16249B872CE64E8B0088C932 /* Tic Tac ToeUITests */,
			);
			name = "Tic Tac ToeUITests";
			packageProductDependencies = (
			);
			productName = "Tic Tac ToeUITests";
			productReference = 16249B842CE64E8B0088C932 /* Tic Tac ToeUITests.xctest */;
			productType = "com.apple.product-type.bundle.ui-testing";
		};
/* End PBXNativeTarget section */

/* Begin PBXProject section */
		16249B622CE64E890088C932 /* Project object */ = {
			isa = PBXProject;
			attributes = {
				BuildIndependentTargetsInParallel = 1;
				LastSwiftUpdateCheck = 1600;
				LastUpgradeCheck = 1600;
				TargetAttributes = {
					16249B692CE64E890088C932 = {
						CreatedOnToolsVersion = 16.0;
					};
					16249B792CE64E8B0088C932 = {
						CreatedOnToolsVersion = 16.0;
						TestTargetID = 16249B692CE64E890088C932;
					};
					16249B832CE64E8B0088C932 = {
						CreatedOnToolsVersion = 16.0;
						TestTargetID = 16249B692CE64E890088C932;
					};
				};
			};
			buildConfigurationList = 16249B652CE64E890088C932 /* Build configuration list for PBXProject "Tic Tac Toe" */;
			developmentRegion = en;
			hasScannedForEncodings = 0;
			knownRegions = (
				en,
				Base,
			);
			mainGroup = 16249B612CE64E890088C932;
			minimizedProjectReferenceProxies = 1;
			preferredProjectObjectVersion = 77;
			productRefGroup = 16249B6B2CE64E890088C932 /* Products */;
			projectDirPath = "";
			projectRoot = "";
			targets = (
				16249B692CE64E890088C932 /* Tic Tac Toe */,
				16249B792CE64E8B0088C932 /* Tic Tac ToeTests */,
				16249B832CE64E8B0088C932 /* Tic Tac ToeUITests */,
			);
		};
/* End PBXProject section */

/* Begin PBXResourcesBuildPhase section */
		16249B682CE64E890088C932 /* Resources */ = {
			isa = PBXResourcesBuildPhase;
			buildActionMask = 2147483647;
			files = (
			);
			runOnlyForDeploymentPostprocessing = 0;
		};
		16249B782CE64E8B0088C932 /* Resources */ = {
			isa = PBXResourcesBuildPhase;
			buildActionMask = 2147483647;
			files = (
			);
			runOnlyForDeploymentPostprocessing = 0;
		};
		16249B822CE64E8B0088C932 /* Resources */ = {
			isa = PBXResourcesBuildPhase;
			buildActionMask = 2147483647;
			files = (
			);
			runOnlyForDeploymentPostprocessing = 0;
		};
/* End PBXResourcesBuildPhase section */

/* Begin PBXSourcesBuildPhase section */
		16249B662CE64E890088C932 /* Sources */ = {
			isa = PBXSourcesBuildPhase;
			buildActionMask = 2147483647;
			files = (
			);
			runOnlyForDeploymentPostprocessing = 0;
		};
		16249B762CE64E8B0088C932 /* Sources */ = {
			isa = PBXSourcesBuildPhase;
			buildActionMask = 2147483647;
			files = (
			);
			runOnlyForDeploymentPostprocessing = 0;
		};
		16249B802CE64E8B0088C932 /* Sources */ = {
			isa = PBXSourcesBuildPhase;
			buildActionMask = 2147483647;
			files = (
			);
			runOnlyForDeploymentPostprocessing = 0;
		};
/* End PBXSourcesBuildPhase section */

/* Begin PBXTargetDependency section */
		16249B7C2CE64E8B0088C932 /* PBXTargetDependency */ = {
			isa = PBXTargetDependency;
			target = 16249B692CE64E890088C932 /* Tic Tac Toe */;
			targetProxy = 16249B7B2CE64E8B0088C932 /* PBXContainerItemProxy */;
		};
		16249B862CE64E8B0088C932 /* PBXTargetDependency */ = {
			isa = PBXTargetDependency;
			target = 16249B692CE64E890088C932 /* Tic Tac Toe */;
			targetProxy = 16249B852CE64E8B0088C932 /* PBXContainerItemProxy */;
		};
/* End PBXTargetDependency section */

/* Begin XCBuildConfiguration section */
		16249B8C2CE64E8B0088C932 /* Debug */ = {
			isa = XCBuildConfiguration;
			buildSettings = {
				ALWAYS_SEARCH_USER_PATHS = NO;
				ASSETCATALOG_COMPILER_GENERATE_SWIFT_ASSET_SYMBOL_EXTENSIONS = YES;
				CLANG_ANALYZER_NONNULL = YES;
				CLANG_ANALYZER_NUMBER_OBJECT_CONVERSION = YES_AGGRESSIVE;
				CLANG_CXX_LANGUAGE_STANDARD = "gnu++20";
				CLANG_ENABLE_MODULES = YES;
				CLANG_ENABLE_OBJC_ARC = YES;
				CLANG_ENABLE_OBJC_WEAK = YES;
				CLANG_WARN_BLOCK_CAPTURE_AUTORELEASING = YES;
				CLANG_WARN_BOOL_CONVERSION = YES;
				CLANG_WARN_COMMA = YES;
				CLANG_WARN_CONSTANT_CONVERSION = YES;
				CLANG_WARN_DEPRECATED_OBJC_IMPLEMENTATIONS = YES;
				CLANG_WARN_DIRECT_OBJC_ISA_USAGE = YES_ERROR;
				CLANG_WARN_DOCUMENTATION_COMMENTS = YES;
				CLANG_WARN_EMPTY_BODY = YES;
				CLANG_WARN_ENUM_CONVERSION = YES;
				CLANG_WARN_INFINITE_RECURSION = YES;
				CLANG_WARN_INT_CONVERSION = YES;
				CLANG_WARN_NON_LITERAL_NULL_CONVERSION = YES;
				CLANG_WARN_OBJC_IMPLICIT_RETAIN_SELF = YES;
				CLANG_WARN_OBJC_LITERAL_CONVERSION = YES;
				CLANG_WARN_OBJC_ROOT_CLASS = YES_ERROR;
				CLANG_WARN_QUOTED_INCLUDE_IN_FRAMEWORK_HEADER = YES;
				CLANG_WARN_RANGE_LOOP_ANALYSIS = YES;
				CLANG_WARN_STRICT_PROTOTYPES = YES;
				CLANG_WARN_SUSPICIOUS_MOVE = YES;
				CLANG_WARN_UNGUARDED_AVAILABILITY = YES_AGGRESSIVE;
				CLANG_WARN_UNREACHABLE_CODE = YES;
				CLANG_WARN__DUPLICATE_METHOD_MATCH = YES;
				COPY_PHASE_STRIP = NO;
				DEBUG_INFORMATION_FORMAT = dwarf;
				ENABLE_STRICT_OBJC_MSGSEND = YES;
				ENABLE_TESTABILITY = YES;
				ENABLE_USER_SCRIPT_SANDBOXING = YES;
				GCC_C_LANGUAGE_STANDARD = gnu17;
				GCC_DYNAMIC_NO_PIC = NO;
				GCC_NO_COMMON_BLOCKS = YES;
				GCC_OPTIMIZATION_LEVEL = 0;
				GCC_PREPROCESSOR_DEFINITIONS = (
					"DEBUG=1",
					"$(inherited)",
				);
				GCC_WARN_64_TO_32_BIT_CONVERSION = YES;
				GCC_WARN_ABOUT_RETURN_TYPE = YES_ERROR;
				GCC_WARN_UNDECLARED_SELECTOR = YES;
				GCC_WARN_UNINITIALIZED_AUTOS = YES_AGGRESSIVE;
				GCC_WARN_UNUSED_FUNCTION = YES;
				GCC_WARN_UNUSED_VARIABLE = YES;
				IPHONEOS_DEPLOYMENT_TARGET = 18.0;
				LOCALIZATION_PREFERS_STRING_CATALOGS = YES;
				MTL_ENABLE_DEBUG_INFO = INCLUDE_SOURCE;
				MTL_FAST_MATH = YES;
				ONLY_ACTIVE_ARCH = YES;
				SDKROOT = iphoneos;
				SWIFT_ACTIVE_COMPILATION_CONDITIONS = "DEBUG $(inherited)";
				SWIFT_OPTIMIZATION_LEVEL = "-Onone";
			};
			name = Debug;
		};
		16249B8D2CE64E8B0088C932 /* Release */ = {
			isa = XCBuildConfiguration;
			buildSettings = {
				ALWAYS_SEARCH_USER_PATHS = NO;
				ASSETCATALOG_COMPILER_GENERATE_SWIFT_ASSET_SYMBOL_EXTENSIONS = YES;
				CLANG_ANALYZER_NONNULL = YES;
				CLANG_ANALYZER_NUMBER_OBJECT_CONVERSION = YES_AGGRESSIVE;
				CLANG_CXX_LANGUAGE_STANDARD = "gnu++20";
				CLANG_ENABLE_MODULES = YES;
				CLANG_ENABLE_OBJC_ARC = YES;
				CLANG_ENABLE_OBJC_WEAK = YES;
				CLANG_WARN_BLOCK_CAPTURE_AUTORELEASING = YES;
				CLANG_WARN_BOOL_CONVERSION = YES;
				CLANG_WARN_COMMA = YES;
				CLANG_WARN_CONSTANT_CONVERSION = YES;
				CLANG_WARN_DEPRECATED_OBJC_IMPLEMENTATIONS = YES;
				CLANG_WARN_DIRECT_OBJC_ISA_USAGE = YES_ERROR;
				CLANG_WARN_DOCUMENTATION_COMMENTS = YES;
				CLANG_WARN_EMPTY_BODY = YES;
				CLANG_WARN_ENUM_CONVERSION = YES;
				CLANG_WARN_INFINITE_RECURSION = YES;
				CLANG_WARN_INT_CONVERSION = YES;
				CLANG_WARN_NON_LITERAL_NULL_CONVERSION = YES;
				CLANG_WARN_OBJC_IMPLICIT_RETAIN_SELF = YES;
				CLANG_WARN_OBJC_LITERAL_CONVERSION = YES;
				CLANG_WARN_OBJC_ROOT_CLASS = YES_ERROR;
				CLANG_WARN_QUOTED_INCLUDE_IN_FRAMEWORK_HEADER = YES;
				CLANG_WARN_RANGE_LOOP_ANALYSIS = YES;
				CLANG_WARN_STRICT_PROTOTYPES = YES;
				CLANG_WARN_SUSPICIOUS_MOVE = YES;
				CLANG_WARN_UNGUARDED_AVAILABILITY = YES_AGGRESSIVE;
				CLANG_WARN_UNREACHABLE_CODE = YES;
				CLANG_WARN__DUPLICATE_METHOD_MATCH = YES;
				COPY_PHASE_STRIP = NO;
				DEBUG_INFORMATION_FORMAT = "dwarf-with-dsym";
				ENABLE_NS_ASSERTIONS = NO;
				ENABLE_STRICT_OBJC_MSGSEND = YES;
				ENABLE_USER_SCRIPT_SANDBOXING = YES;
				GCC_C_LANGUAGE_STANDARD = gnu17;
				GCC_NO_COMMON_BLOCKS = YES;
				GCC_WARN_64_TO_32_BIT_CONVERSION = YES;
				GCC_WARN_ABOUT_RETURN_TYPE = YES_ERROR;
				GCC_WARN_UNDECLARED_SELECTOR = YES;
				GCC_WARN_UNINITIALIZED_AUTOS = YES_AGGRESSIVE;
				GCC_WARN_UNUSED_FUNCTION = YES;
				GCC_WARN_UNUSED_VARIABLE = YES;
				IPHONEOS_DEPLOYMENT_TARGET = 18.0;
				LOCALIZATION_PREFERS_STRING_CATALOGS = YES;
				MTL_ENABLE_DEBUG_INFO = NO;
				MTL_FAST_MATH = YES;
				SDKROOT = iphoneos;
				SWIFT_COMPILATION_MODE = wholemodule;
				VALIDATE_PRODUCT = YES;
			};
			name = Release;
		};
		16249B8F2CE64E8B0088C932 /* Debug */ = {
			isa = XCBuildConfiguration;
			buildSettings = {
				ASSETCATALOG_COMPILER_APPICON_NAME = AppIcon;
				ASSETCATALOG_COMPILER_GLOBAL_ACCENT_COLOR_NAME = AccentColor;
				CODE_SIGN_STYLE = Automatic;
				CURRENT_PROJECT_VERSION = 1;
				DEVELOPMENT_ASSET_PATHS = "\"Tic Tac Toe/Preview Content\"";
				DEVELOPMENT_TEAM = P2TQUSUDZ6;
				ENABLE_PREVIEWS = YES;
				GENERATE_INFOPLIST_FILE = YES;
				INFOPLIST_KEY_UIApplicationSceneManifest_Generation = YES;
				INFOPLIST_KEY_UIApplicationSupportsIndirectInputEvents = YES;
				INFOPLIST_KEY_UILaunchScreen_Generation = YES;
				INFOPLIST_KEY_UISupportedInterfaceOrientations_iPad = "UIInterfaceOrientationPortrait UIInterfaceOrientationPortraitUpsideDown UIInterfaceOrientationLandscapeLeft UIInterfaceOrientationLandscapeRight";
				INFOPLIST_KEY_UISupportedInterfaceOrientations_iPhone = "UIInterfaceOrientationPortrait UIInterfaceOrientationLandscapeLeft UIInterfaceOrientationLandscapeRight";
				LD_RUNPATH_SEARCH_PATHS = (
					"$(inherited)",
					"@executable_path/Frameworks",
				);
				MARKETING_VERSION = 1.0;
				PRODUCT_BUNDLE_IDENTIFIER = "com.zane.Tic-Tac-Toe";
				PRODUCT_NAME = "$(TARGET_NAME)";
				SWIFT_EMIT_LOC_STRINGS = YES;
				SWIFT_VERSION = 5.0;
				TARGETED_DEVICE_FAMILY = "1,2";
			};
			name = Debug;
		};
		16249B902CE64E8B0088C932 /* Release */ = {
			isa = XCBuildConfiguration;
			buildSettings = {
				ASSETCATALOG_COMPILER_APPICON_NAME = AppIcon;
				ASSETCATALOG_COMPILER_GLOBAL_ACCENT_COLOR_NAME = AccentColor;
				CODE_SIGN_STYLE = Automatic;
				CURRENT_PROJECT_VERSION = 1;
				DEVELOPMENT_ASSET_PATHS = "\"Tic Tac Toe/Preview Content\"";
				DEVELOPMENT_TEAM = P2TQUSUDZ6;
				ENABLE_PREVIEWS = YES;
				GENERATE_INFOPLIST_FILE = YES;
				INFOPLIST_KEY_UIApplicationSceneManifest_Generation = YES;
				INFOPLIST_KEY_UIApplicationSupportsIndirectInputEvents = YES;
				INFOPLIST_KEY_UILaunchScreen_Generation = YES;
				INFOPLIST_KEY_UISupportedInterfaceOrientations_iPad = "UIInterfaceOrientationPortrait UIInterfaceOrientationPortraitUpsideDown UIInterfaceOrientationLandscapeLeft UIInterfaceOrientationLandscapeRight";
				INFOPLIST_KEY_UISupportedInterfaceOrientations_iPhone = "UIInterfaceOrientationPortrait UIInterfaceOrientationLandscapeLeft UIInterfaceOrientationLandscapeRight";
				LD_RUNPATH_SEARCH_PATHS = (
					"$(inherited)",
					"@executable_path/Frameworks",
				);
				MARKETING_VERSION = 1.0;
				PRODUCT_BUNDLE_IDENTIFIER = "com.zane.Tic-Tac-Toe";
				PRODUCT_NAME = "$(TARGET_NAME)";
				SWIFT_EMIT_LOC_STRINGS = YES;
				SWIFT_VERSION = 5.0;
				TARGETED_DEVICE_FAMILY = "1,2";
			};
			name = Release;
		};
		16249B922CE64E8B0088C932 /* Debug */ = {
			isa = XCBuildConfiguration;
			buildSettings = {
				BUNDLE_LOADER = "$(TEST_HOST)";
				CODE_SIGN_STYLE = Automatic;
				CURRENT_PROJECT_VERSION = 1;
				DEVELOPMENT_TEAM = P2TQUSUDZ6;
				GENERATE_INFOPLIST_FILE = YES;
				IPHONEOS_DEPLOYMENT_TARGET = 18.0;
				MARKETING_VERSION = 1.0;
				PRODUCT_BUNDLE_IDENTIFIER = "com.zane.Tic-Tac-ToeTests";
				PRODUCT_NAME = "$(TARGET_NAME)";
				SWIFT_EMIT_LOC_STRINGS = NO;
				SWIFT_VERSION = 5.0;
				TARGETED_DEVICE_FAMILY = "1,2";
				TEST_HOST = "$(BUILT_PRODUCTS_DIR)/Tic Tac Toe.app/$(BUNDLE_EXECUTABLE_FOLDER_PATH)/Tic Tac Toe";
			};
			name = Debug;
		};
		16249B932CE64E8B0088C932 /* Release */ = {
			isa = XCBuildConfiguration;
			buildSettings = {
				BUNDLE_LOADER = "$(TEST_HOST)";
				CODE_SIGN_STYLE = Automatic;
				CURRENT_PROJECT_VERSION = 1;
				DEVELOPMENT_TEAM = P2TQUSUDZ6;
				GENERATE_INFOPLIST_FILE = YES;
				IPHONEOS_DEPLOYMENT_TARGET = 18.0;
				MARKETING_VERSION = 1.0;
				PRODUCT_BUNDLE_IDENTIFIER = "com.zane.Tic-Tac-ToeTests";
				PRODUCT_NAME = "$(TARGET_NAME)";
				SWIFT_EMIT_LOC_STRINGS = NO;
				SWIFT_VERSION = 5.0;
				TARGETED_DEVICE_FAMILY = "1,2";
				TEST_HOST = "$(BUILT_PRODUCTS_DIR)/Tic Tac Toe.app/$(BUNDLE_EXECUTABLE_FOLDER_PATH)/Tic Tac Toe";
			};
			name = Release;
		};
		16249B952CE64E8B0088C932 /* Debug */ = {
			isa = XCBuildConfiguration;
			buildSettings = {
				CODE_SIGN_STYLE = Automatic;
				CURRENT_PROJECT_VERSION = 1;
				DEVELOPMENT_TEAM = P2TQUSUDZ6;
				GENERATE_INFOPLIST_FILE = YES;
				MARKETING_VERSION = 1.0;
				PRODUCT_BUNDLE_IDENTIFIER = "com.zane.Tic-Tac-ToeUITests";
				PRODUCT_NAME = "$(TARGET_NAME)";
				SWIFT_EMIT_LOC_STRINGS = NO;
				SWIFT_VERSION = 5.0;
				TARGETED_DEVICE_FAMILY = "1,2";
				TEST_TARGET_NAME = "Tic Tac Toe";
			};
			name = Debug;
		};
		16249B962CE64E8B0088C932 /* Release */ = {
			isa = XCBuildConfiguration;
			buildSettings = {
				CODE_SIGN_STYLE = Automatic;
				CURRENT_PROJECT_VERSION = 1;
				DEVELOPMENT_TEAM = P2TQUSUDZ6;
				GENERATE_INFOPLIST_FILE = YES;
				MARKETING_VERSION = 1.0;
				PRODUCT_BUNDLE_IDENTIFIER = "com.zane.Tic-Tac-ToeUITests";
				PRODUCT_NAME = "$(TARGET_NAME)";
				SWIFT_EMIT_LOC_STRINGS = NO;
				SWIFT_VERSION = 5.0;
				TARGETED_DEVICE_FAMILY = "1,2";
				TEST_TARGET_NAME = "Tic Tac Toe";
			};
			name = Release;
		};
/* End XCBuildConfiguration section */

/* Begin XCConfigurationList section */
		16249B652CE64E890088C932 /* Build configuration list for PBXProject "Tic Tac Toe" */ = {
			isa = XCConfigurationList;
			buildConfigurations = (
				16249B8C2CE64E8B0088C932 /* Debug */,
				16249B8D2CE64E8B0088C932 /* Release */,
			);
			defaultConfigurationIsVisible = 0;
			defaultConfigurationName = Release;
		};
		16249B8E2CE64E8B0088C932 /* Build configuration list for PBXNativeTarget "Tic Tac Toe" */ = {
			isa = XCConfigurationList;
			buildConfigurations = (
				16249B8F2CE64E8B0088C932 /* Debug */,
				16249B902CE64E8B0088C932 /* Release */,
			);
			defaultConfigurationIsVisible = 0;
			defaultConfigurationName = Release;
		};
		16249B912CE64E8B0088C932 /* Build configuration list for PBXNativeTarget "Tic Tac ToeTests" */ = {
			isa = XCConfigurationList;
			buildConfigurations = (
				16249B922CE64E8B0088C932 /* Debug */,
				16249B932CE64E8B0088C932 /* Release */,
			);
			defaultConfigurationIsVisible = 0;
			defaultConfigurationName = Release;
		};
		16249B942CE64E8B0088C932 /* Build configuration list for PBXNativeTarget "Tic Tac ToeUITests" */ = {
			isa = XCConfigurationList;
			buildConfigurations = (
				16249B952CE64E8B0088C932 /* Debug */,
				16249B962CE64E8B0088C932 /* Release */,
			);
			defaultConfigurationIsVisible = 0;
			defaultConfigurationName = Release;
		};
/* End XCConfigurationList section */
	};
	rootObject = 16249B622CE64E890088C932 /* Project object */;
}
